
Microsoft Visual Studio Solution File, Format Version 11.00
# Visual Studio 2010
Project("{8BC9CEB8-8B4A-11D0-8D11-00A0C91BC942}") = "Shaper", "Shaper\Shaper.vcxproj", "{6E3909F1-ADD9-4744-9D66-2D919866D43E}"
EndProject
Global
	GlobalSection(SolutionConfigurationPlatforms) = preSolution
		Debug|Win32 = Debug|Win32
		Release|Win32 = Release|Win32
	EndGlobalSection
	GlobalSection(ProjectConfigurationPlatforms) = postSolution
		{6E3909F1-ADD9-4744-9D66-2D919866D43E}.Debug|Win32.ActiveCfg = Debug|Win32
		{6E3909F1-ADD9-4744-9D66-2D919866D43E}.Debug|Win32.Build.0 = Debug|Win32
		{6E3909F1-ADD9-4744-9D66-2D919866D43E}.Release|Win32.ActiveCfg = Release|Win32
		{6E3909F1-ADD9-4744-9D66-2D919866D43E}.Release|Win32.Build.0 = Release|Win32
	EndGlobalSection
	GlobalSection(SolutionProperties) = preSolution
		HideSolutionNode = FALSE
	EndGlobalSection
EndGlobal
